
Microsoft Visual Studio Solution File, Format Version 12.00
# Visual Studio Version 16
VisualStudioVersion = 25.0.1703.0
MinimumVisualStudioVersion = 10.0.40219.1
Project("{FAE04EC0-301F-11D3-BF4B-00C04F79EFBC}") = "test4", "test4\test4.csproj", "{23B8E2B0-9D65-4397-8CCB-F23357871A27}"
EndProject
Global
	GlobalSection(SolutionConfigurationPlatforms) = preSolution
		Debug|Any CPU = Debug|Any CPU
		Release|Any CPU = Release|Any CPU
	EndGlobalSection
	GlobalSection(ProjectConfigurationPlatforms) = postSolution
		{23B8E2B0-9D65-4397-8CCB-F23357871A27}.Debug|Any CPU.ActiveCfg = Debug|Any CPU
		{23B8E2B0-9D65-4397-8CCB-F23357871A27}.Debug|Any CPU.Build.0 = Debug|Any CPU
		{23B8E2B0-9D65-4397-8CCB-F23357871A27}.Release|Any CPU.ActiveCfg = Release|Any CPU
		{23B8E2B0-9D65-4397-8CCB-F23357871A27}.Release|Any CPU.Build.0 = Release|Any CPU
	EndGlobalSection
	GlobalSection(SolutionProperties) = preSolution
		HideSolutionNode = FALSE
	EndGlobalSection
	GlobalSection(ExtensibilityGlobals) = postSolution
		SolutionGuid = {49087442-B32E-4876-8A58-3026368734A2}
	EndGlobalSection
EndGlobal
